
Microsoft Visual Studio Solution File, Format Version 12.00
# Visual Studio Version 16
VisualStudioVersion = 16.0.31112.23
MinimumVisualStudioVersion = 10.0.40219.1
Project("{9A19103F-16F7-4668-BE54-9A1E7A4F7556}") = "CustomerSolution", "CustomerSolution.csproj", "{CCED97B9-0660-403E-A9B2-217F3044783F}"
EndProject
Global
	GlobalSection(SolutionConfigurationPlatforms) = preSolution
		Debug|Any CPU = Debug|Any CPU
		Release|Any CPU = Release|Any CPU
	EndGlobalSection
	GlobalSection(ProjectConfigurationPlatforms) = postSolution
		{CCED97B9-0660-403E-A9B2-217F3044783F}.Debug|Any CPU.ActiveCfg = Debug|Any CPU
		{CCED97B9-0660-403E-A9B2-217F3044783F}.Debug|Any CPU.Build.0 = Debug|Any CPU
		{CCED97B9-0660-403E-A9B2-217F3044783F}.Release|Any CPU.ActiveCfg = Release|Any CPU
		{CCED97B9-0660-403E-A9B2-217F3044783F}.Release|Any CPU.Build.0 = Release|Any CPU
	EndGlobalSection
	GlobalSection(SolutionProperties) = preSolution
		HideSolutionNode = FALSE
	EndGlobalSection
	GlobalSection(ExtensibilityGlobals) = postSolution
		SolutionGuid = {B4027A25-5132-43BD-97FA-352102C57000}
	EndGlobalSection
EndGlobal
